
Microsoft Visual Studio Solution File, Format Version 12.00
# Visual Studio Version 16
VisualStudioVersion = 16.0.30114.105
MinimumVisualStudioVersion = 10.0.40219.1
Project("{FAE04EC0-301F-11D3-BF4B-00C04F79EFBC}") = "ReadWriteIntoTextFile", "ReadWriteIntoTextFile\ReadWriteIntoTextFile.csproj", "{6A1E259F-F9A7-4360-8B5E-A353A090CF2F}"
EndProject
Global
	GlobalSection(SolutionConfigurationPlatforms) = preSolution
		Debug|Any CPU = Debug|Any CPU
		Release|Any CPU = Release|Any CPU
	EndGlobalSection
	GlobalSection(ProjectConfigurationPlatforms) = postSolution
		{6A1E259F-F9A7-4360-8B5E-A353A090CF2F}.Debug|Any CPU.ActiveCfg = Debug|Any CPU
		{6A1E259F-F9A7-4360-8B5E-A353A090CF2F}.Debug|Any CPU.Build.0 = Debug|Any CPU
		{6A1E259F-F9A7-4360-8B5E-A353A090CF2F}.Release|Any CPU.ActiveCfg = Release|Any CPU
		{6A1E259F-F9A7-4360-8B5E-A353A090CF2F}.Release|Any CPU.Build.0 = Release|Any CPU
	EndGlobalSection
	GlobalSection(SolutionProperties) = preSolution
		HideSolutionNode = FALSE
	EndGlobalSection
	GlobalSection(ExtensibilityGlobals) = postSolution
		SolutionGuid = {10A853AF-577A-43D4-A0F4-BC818501E422}
	EndGlobalSection
EndGlobal
