
Microsoft Visual Studio Solution File, Format Version 12.00
# Visual Studio Version 16
VisualStudioVersion = 16.0.30114.105
MinimumVisualStudioVersion = 10.0.40219.1
Project("{FAE04EC0-301F-11D3-BF4B-00C04F79EFBC}") = "EmployeesBossesTrainees", "EmployeesBossesTrainees\EmployeesBossesTrainees.csproj", "{A73C2953-BEC8-4849-A04C-14AD351E5479}"
EndProject
Global
	GlobalSection(SolutionConfigurationPlatforms) = preSolution
		Debug|Any CPU = Debug|Any CPU
		Release|Any CPU = Release|Any CPU
	EndGlobalSection
	GlobalSection(ProjectConfigurationPlatforms) = postSolution
		{A73C2953-BEC8-4849-A04C-14AD351E5479}.Debug|Any CPU.ActiveCfg = Debug|Any CPU
		{A73C2953-BEC8-4849-A04C-14AD351E5479}.Debug|Any CPU.Build.0 = Debug|Any CPU
		{A73C2953-BEC8-4849-A04C-14AD351E5479}.Release|Any CPU.ActiveCfg = Release|Any CPU
		{A73C2953-BEC8-4849-A04C-14AD351E5479}.Release|Any CPU.Build.0 = Release|Any CPU
	EndGlobalSection
	GlobalSection(SolutionProperties) = preSolution
		HideSolutionNode = FALSE
	EndGlobalSection
	GlobalSection(ExtensibilityGlobals) = postSolution
		SolutionGuid = {82CBC22A-3934-4D4B-B98B-EB94BCE1331C}
	EndGlobalSection
EndGlobal
